// !$*UTF8*$!
{
	archiveVersion = 1;
	classes = {
	};
	objectVersion = 77;
	objects = {

/* Begin PBXBuildFile section */
		9F31891F2EB93D5C00B42E4A /* DesignSystem in Frameworks */ = {isa = PBXBuildFile; productRef = 9F31891E2EB93D5C00B42E4A /* DesignSystem */; };
/* End PBXBuildFile section */

/* Begin PBXContainerItemProxy section */
		9F3188BF2EB932ED00B42E4A /* PBXContainerItemProxy */ = {
			isa = PBXContainerItemProxy;
			containerPortal = 9F3188A02EB932EB00B42E4A /* Project object */;
			proxyType = 1;
			remoteGlobalIDString = 9F3188A72EB932EB00B42E4A;
			remoteInfo = XcodeBundleAccessors;
		};
		9F3188C92EB932ED00B42E4A /* PBXContainerItemProxy */ = {
			isa = PBXContainerItemProxy;
			containerPortal = 9F3188A02EB932EB00B42E4A /* Project object */;
			proxyType = 1;
			remoteGlobalIDString = 9F3188A72EB932EB00B42E4A;
			remoteInfo = XcodeBundleAccessors;
		};
/* End PBXContainerItemProxy section */

/* Begin PBXFileReference section */
		9F3188A82EB932EB00B42E4A /* XcodeBundleAccessors.app */ = {isa = PBXFileReference; explicitFileType = wrapper.application; includeInIndex = 0; path = XcodeBundleAccessors.app; sourceTree = BUILT_PRODUCTS_DIR; };
		9F3188BE2EB932ED00B42E4A /* XcodeBundleAccessorsTests.xctest */ = {isa = PBXFileReference; explicitFileType = wrapper.cfbundle; includeInIndex = 0; path = XcodeBundleAccessorsTests.xctest; sourceTree = BUILT_PRODUCTS_DIR; };
		9F3188C82EB932ED00B42E4A /* XcodeBundleAccessorsUITests.xctest */ = {isa = PBXFileReference; explicitFileType = wrapper.cfbundle; includeInIndex = 0; path = XcodeBundleAccessorsUITests.xctest; sourceTree = BUILT_PRODUCTS_DIR; };
/* End PBXFileReference section */

/* Begin PBXFileSystemSynchronizedBuildFileExceptionSet section */
		9F3188D02EB932ED00B42E4A /* Exceptions for "XcodeBundleAccessors" folder in "XcodeBundleAccessors" target */ = {
			isa = PBXFileSystemSynchronizedBuildFileExceptionSet;
			membershipExceptions = (
				Info.plist,
			);
			target = 9F3188A72EB932EB00B42E4A /* XcodeBundleAccessors */;
		};
/* End PBXFileSystemSynchronizedBuildFileExceptionSet section */

/* Begin PBXFileSystemSynchronizedRootGroup section */
		9F3188AA2EB932EB00B42E4A /* XcodeBundleAccessors */ = {
			isa = PBXFileSystemSynchronizedRootGroup;
			exceptions = (
				9F3188D02EB932ED00B42E4A /* Exceptions for "XcodeBundleAccessors" folder in "XcodeBundleAccessors" target */,
			);
			path = XcodeBundleAccessors;
			sourceTree = "<group>";
		};
		9F3188C12EB932ED00B42E4A /* XcodeBundleAccessorsTests */ = {
			isa = PBXFileSystemSynchronizedRootGroup;
			path = XcodeBundleAccessorsTests;
			sourceTree = "<group>";
		};
		9F3188CB2EB932ED00B42E4A /* XcodeBundleAccessorsUITests */ = {
			isa = PBXFileSystemSynchronizedRootGroup;
			path = XcodeBundleAccessorsUITests;
			sourceTree = "<group>";
		};
/* End PBXFileSystemSynchronizedRootGroup section */

/* Begin PBXFrameworksBuildPhase section */
		9F3188A52EB932EB00B42E4A /* Frameworks */ = {
			isa = PBXFrameworksBuildPhase;
			buildActionMask = 2147483647;
			files = (
				9F31891F2EB93D5C00B42E4A /* DesignSystem in Frameworks */,
			);
			runOnlyForDeploymentPostprocessing = 0;
		};
		9F3188BB2EB932ED00B42E4A /* Frameworks */ = {
			isa = PBXFrameworksBuildPhase;
			buildActionMask = 2147483647;
			files = (
			);
			runOnlyForDeploymentPostprocessing = 0;
		};
		9F3188C52EB932ED00B42E4A /* Frameworks */ = {
			isa = PBXFrameworksBuildPhase;
			buildActionMask = 2147483647;
			files = (
			);
			runOnlyForDeploymentPostprocessing = 0;
		};
/* End PBXFrameworksBuildPhase section */

/* Begin PBXGroup section */
		9F31889F2EB932EB00B42E4A = {
			isa = PBXGroup;
			children = (
				9F3188AA2EB932EB00B42E4A /* XcodeBundleAccessors */,
				9F3188C12EB932ED00B42E4A /* XcodeBundleAccessorsTests */,
				9F3188CB2EB932ED00B42E4A /* XcodeBundleAccessorsUITests */,
				9F31891D2EB93D5C00B42E4A /* Frameworks */,
				9F3188A92EB932EB00B42E4A /* Products */,
			);
			sourceTree = "<group>";
		};
		9F3188A92EB932EB00B42E4A /* Products */ = {
			isa = PBXGroup;
			children = (
				9F3188A82EB932EB00B42E4A /* XcodeBundleAccessors.app */,
				9F3188BE2EB932ED00B42E4A /* XcodeBundleAccessorsTests.xctest */,
				9F3188C82EB932ED00B42E4A /* XcodeBundleAccessorsUITests.xctest */,
			);
			name = Products;
			sourceTree = "<group>";
		};
		9F31891D2EB93D5C00B42E4A /* Frameworks */ = {
			isa = PBXGroup;
			children = (
			);
			name = Frameworks;
			sourceTree = "<group>";
		};
/* End PBXGroup section */

/* Begin PBXNativeTarget section */
		9F3188A72EB932EB00B42E4A /* XcodeBundleAccessors */ = {
			isa = PBXNativeTarget;
			buildConfigurationList = 9F3188D12EB932ED00B42E4A /* Build configuration list for PBXNativeTarget "XcodeBundleAccessors" */;
			buildPhases = (
				9F3188A42EB932EB00B42E4A /* Sources */,
				9F3188A52EB932EB00B42E4A /* Frameworks */,
				9F3188A62EB932EB00B42E4A /* Resources */,
			);
			buildRules = (
			);
			dependencies = (
			);
			fileSystemSynchronizedGroups = (
				9F3188AA2EB932EB00B42E4A /* XcodeBundleAccessors */,
			);
			name = XcodeBundleAccessors;
			packageProductDependencies = (
				9F31891E2EB93D5C00B42E4A /* DesignSystem */,
			);
			productName = XcodeBundleAccessors;
			productReference = 9F3188A82EB932EB00B42E4A /* XcodeBundleAccessors.app */;
			productType = "com.apple.product-type.application";
		};
		9F3188BD2EB932ED00B42E4A /* XcodeBundleAccessorsTests */ = {
			isa = PBXNativeTarget;
			buildConfigurationList = 9F3188D62EB932ED00B42E4A /* Build configuration list for PBXNativeTarget "XcodeBundleAccessorsTests" */;
			buildPhases = (
				9F3188BA2EB932ED00B42E4A /* Sources */,
				9F3188BB2EB932ED00B42E4A /* Frameworks */,
				9F3188BC2EB932ED00B42E4A /* Resources */,
			);
			buildRules = (
			);
			dependencies = (
				9F3188C02EB932ED00B42E4A /* PBXTargetDependency */,
			);
			fileSystemSynchronizedGroups = (
				9F3188C12EB932ED00B42E4A /* XcodeBundleAccessorsTests */,
			);
			name = XcodeBundleAccessorsTests;
			packageProductDependencies = (
			);
			productName = XcodeBundleAccessorsTests;
			productReference = 9F3188BE2EB932ED00B42E4A /* XcodeBundleAccessorsTests.xctest */;
			productType = "com.apple.product-type.bundle.unit-test";
		};
		9F3188C72EB932ED00B42E4A /* XcodeBundleAccessorsUITests */ = {
			isa = PBXNativeTarget;
			buildConfigurationList = 9F3188D92EB932ED00B42E4A /* Build configuration list for PBXNativeTarget "XcodeBundleAccessorsUITests" */;
			buildPhases = (
				9F3188C42EB932ED00B42E4A /* Sources */,
				9F3188C52EB932ED00B42E4A /* Frameworks */,
				9F3188C62EB932ED00B42E4A /* Resources */,
			);
			buildRules = (
			);
			dependencies = (
				9F3188CA2EB932ED00B42E4A /* PBXTargetDependency */,
			);
			fileSystemSynchronizedGroups = (
				9F3188CB2EB932ED00B42E4A /* XcodeBundleAccessorsUITests */,
			);
			name = XcodeBundleAccessorsUITests;
			packageProductDependencies = (
			);
			productName = XcodeBundleAccessorsUITests;
			productReference = 9F3188C82EB932ED00B42E4A /* XcodeBundleAccessorsUITests.xctest */;
			productType = "com.apple.product-type.bundle.ui-testing";
		};
/* End PBXNativeTarget section */

/* Begin PBXProject section */
		9F3188A02EB932EB00B42E4A /* Project object */ = {
			isa = PBXProject;
			attributes = {
				BuildIndependentTargetsInParallel = 1;
				LastSwiftUpdateCheck = 2600;
				LastUpgradeCheck = 2600;
				TargetAttributes = {
					9F3188A72EB932EB00B42E4A = {
						CreatedOnToolsVersion = 26.0.1;
					};
					9F3188BD2EB932ED00B42E4A = {
						CreatedOnToolsVersion = 26.0.1;
						TestTargetID = 9F3188A72EB932EB00B42E4A;
					};
					9F3188C72EB932ED00B42E4A = {
						CreatedOnToolsVersion = 26.0.1;
						TestTargetID = 9F3188A72EB932EB00B42E4A;
					};
				};
			};
			buildConfigurationList = 9F3188A32EB932EB00B42E4A /* Build configuration list for PBXProject "XcodeBundleAccessors" */;
			developmentRegion = en;
			hasScannedForEncodings = 0;
			knownRegions = (
				en,
				Base,
				es,
			);
			mainGroup = 9F31889F2EB932EB00B42E4A;
			minimizedProjectReferenceProxies = 1;
			preferredProjectObjectVersion = 77;
			productRefGroup = 9F3188A92EB932EB00B42E4A /* Products */;
			projectDirPath = "";
			projectRoot = "";
			targets = (
				9F3188A72EB932EB00B42E4A /* XcodeBundleAccessors */,
				9F3188BD2EB932ED00B42E4A /* XcodeBundleAccessorsTests */,
				9F3188C72EB932ED00B42E4A /* XcodeBundleAccessorsUITests */,
			);
		};
/* End PBXProject section */

/* Begin PBXResourcesBuildPhase section */
		9F3188A62EB932EB00B42E4A /* Resources */ = {
			isa = PBXResourcesBuildPhase;
			buildActionMask = 2147483647;
			files = (
			);
			runOnlyForDeploymentPostprocessing = 0;
		};
		9F3188BC2EB932ED00B42E4A /* Resources */ = {
			isa = PBXResourcesBuildPhase;
			buildActionMask = 2147483647;
			files = (
			);
			runOnlyForDeploymentPostprocessing = 0;
		};
		9F3188C62EB932ED00B42E4A /* Resources */ = {
			isa = PBXResourcesBuildPhase;
			buildActionMask = 2147483647;
			files = (
			);
			runOnlyForDeploymentPostprocessing = 0;
		};
/* End PBXResourcesBuildPhase section */

/* Begin PBXSourcesBuildPhase section */
		9F3188A42EB932EB00B42E4A /* Sources */ = {
			isa = PBXSourcesBuildPhase;
			buildActionMask = 2147483647;
			files = (
			);
			runOnlyForDeploymentPostprocessing = 0;
		};
		9F3188BA2EB932ED00B42E4A /* Sources */ = {
			isa = PBXSourcesBuildPhase;
			buildActionMask = 2147483647;
			files = (
			);
			runOnlyForDeploymentPostprocessing = 0;
		};
		9F3188C42EB932ED00B42E4A /* Sources */ = {
			isa = PBXSourcesBuildPhase;
			buildActionMask = 2147483647;
			files = (
			);
			runOnlyForDeploymentPostprocessing = 0;
		};
/* End PBXSourcesBuildPhase section */

/* Begin PBXTargetDependency section */
		9F3188C02EB932ED00B42E4A /* PBXTargetDependency */ = {
			isa = PBXTargetDependency;
			target = 9F3188A72EB932EB00B42E4A /* XcodeBundleAccessors */;
			targetProxy = 9F3188BF2EB932ED00B42E4A /* PBXContainerItemProxy */;
		};
		9F3188CA2EB932ED00B42E4A /* PBXTargetDependency */ = {
			isa = PBXTargetDependency;
			target = 9F3188A72EB932EB00B42E4A /* XcodeBundleAccessors */;
			targetProxy = 9F3188C92EB932ED00B42E4A /* PBXContainerItemProxy */;
		};
/* End PBXTargetDependency section */

/* Begin XCBuildConfiguration section */
		9F3188D22EB932ED00B42E4A /* Debug */ = {
			isa = XCBuildConfiguration;
			buildSettings = {
				ASSETCATALOG_COMPILER_APPICON_NAME = AppIcon;
				ASSETCATALOG_COMPILER_GLOBAL_ACCENT_COLOR_NAME = AccentColor;
				CODE_SIGN_STYLE = Automatic;
				CURRENT_PROJECT_VERSION = 1;
				DEVELOPMENT_TEAM = 3UW6QGQDLG;
				GENERATE_INFOPLIST_FILE = YES;
				INFOPLIST_FILE = XcodeBundleAccessors/Info.plist;
				INFOPLIST_KEY_UIApplicationSupportsIndirectInputEvents = YES;
				INFOPLIST_KEY_UILaunchStoryboardName = LaunchScreen;
				INFOPLIST_KEY_UIMainStoryboardFile = Main;
				INFOPLIST_KEY_UISupportedInterfaceOrientations_iPad = "UIInterfaceOrientationPortrait UIInterfaceOrientationPortraitUpsideDown UIInterfaceOrientationLandscapeLeft UIInterfaceOrientationLandscapeRight";
				INFOPLIST_KEY_UISupportedInterfaceOrientations_iPhone = "UIInterfaceOrientationPortrait UIInterfaceOrientationLandscapeLeft UIInterfaceOrientationLandscapeRight";
				IPHONEOS_DEPLOYMENT_TARGET = 16.6;
				LD_RUNPATH_SEARCH_PATHS = (
					"$(inherited)",
					"@executable_path/Frameworks",
				);
				MARKETING_VERSION = 1.0;
				PRODUCT_BUNDLE_IDENTIFIER = com.DraftKings.XcodeBundleAccessors;
				PRODUCT_NAME = "$(TARGET_NAME)";
				STRING_CATALOG_GENERATE_SYMBOLS = YES;
				SWIFT_APPROACHABLE_CONCURRENCY = YES;
				SWIFT_DEFAULT_ACTOR_ISOLATION = MainActor;
				SWIFT_EMIT_LOC_STRINGS = YES;
				SWIFT_UPCOMING_FEATURE_MEMBER_IMPORT_VISIBILITY = YES;
				SWIFT_VERSION = 5.0;
				TARGETED_DEVICE_FAMILY = "1,2";
			};
			name = Debug;
		};
		9F3188D32EB932ED00B42E4A /* Release */ = {
			isa = XCBuildConfiguration;
			buildSettings = {
				ASSETCATALOG_COMPILER_APPICON_NAME = AppIcon;
				ASSETCATALOG_COMPILER_GLOBAL_ACCENT_COLOR_NAME = AccentColor;
				CODE_SIGN_STYLE = Automatic;
				CURRENT_PROJECT_VERSION = 1;
				DEVELOPMENT_TEAM = 3UW6QGQDLG;
				GENERATE_INFOPLIST_FILE = YES;
				INFOPLIST_FILE = XcodeBundleAccessors/Info.plist;
				INFOPLIST_KEY_UIApplicationSupportsIndirectInputEvents = YES;
				INFOPLIST_KEY_UILaunchStoryboardName = LaunchScreen;
				INFOPLIST_KEY_UIMainStoryboardFile = Main;
				INFOPLIST_KEY_UISupportedInterfaceOrientations_iPad = "UIInterfaceOrientationPortrait UIInterfaceOrientationPortraitUpsideDown UIInterfaceOrientationLandscapeLeft UIInterfaceOrientationLandscapeRight";
				INFOPLIST_KEY_UISupportedInterfaceOrientations_iPhone = "UIInterfaceOrientationPortrait UIInterfaceOrientationLandscapeLeft UIInterfaceOrientationLandscapeRight";
				IPHONEOS_DEPLOYMENT_TARGET = 16.6;
				LD_RUNPATH_SEARCH_PATHS = (
					"$(inherited)",
					"@executable_path/Frameworks",
				);
				MARKETING_VERSION = 1.0;
				PRODUCT_BUNDLE_IDENTIFIER = com.DraftKings.XcodeBundleAccessors;
				PRODUCT_NAME = "$(TARGET_NAME)";
				STRING_CATALOG_GENERATE_SYMBOLS = YES;
				SWIFT_APPROACHABLE_CONCURRENCY = YES;
				SWIFT_DEFAULT_ACTOR_ISOLATION = MainActor;
				SWIFT_EMIT_LOC_STRINGS = YES;
				SWIFT_UPCOMING_FEATURE_MEMBER_IMPORT_VISIBILITY = YES;
				SWIFT_VERSION = 5.0;
				TARGETED_DEVICE_FAMILY = "1,2";
			};
			name = Release;
		};
		9F3188D42EB932ED00B42E4A /* Debug */ = {
			isa = XCBuildConfiguration;
			buildSettings = {
				ALWAYS_SEARCH_USER_PATHS = NO;
				ASSETCATALOG_COMPILER_GENERATE_SWIFT_ASSET_SYMBOL_EXTENSIONS = YES;
				CLANG_ANALYZER_NONNULL = YES;
				CLANG_ANALYZER_NUMBER_OBJECT_CONVERSION = YES_AGGRESSIVE;
				CLANG_CXX_LANGUAGE_STANDARD = "gnu++20";
				CLANG_ENABLE_MODULES = YES;
				CLANG_ENABLE_OBJC_ARC = YES;
				CLANG_ENABLE_OBJC_WEAK = YES;
				CLANG_WARN_BLOCK_CAPTURE_AUTORELEASING = YES;
				CLANG_WARN_BOOL_CONVERSION = YES;
				CLANG_WARN_COMMA = YES;
				CLANG_WARN_CONSTANT_CONVERSION = YES;
				CLANG_WARN_DEPRECATED_OBJC_IMPLEMENTATIONS = YES;
				CLANG_WARN_DIRECT_OBJC_ISA_USAGE = YES_ERROR;
				CLANG_WARN_DOCUMENTATION_COMMENTS = YES;
				CLANG_WARN_EMPTY_BODY = YES;
				CLANG_WARN_ENUM_CONVERSION = YES;
				CLANG_WARN_INFINITE_RECURSION = YES;
				CLANG_WARN_INT_CONVERSION = YES;
				CLANG_WARN_NON_LITERAL_NULL_CONVERSION = YES;
				CLANG_WARN_OBJC_IMPLICIT_RETAIN_SELF = YES;
				CLANG_WARN_OBJC_LITERAL_CONVERSION = YES;
				CLANG_WARN_OBJC_ROOT_CLASS = YES_ERROR;
				CLANG_WARN_QUOTED_INCLUDE_IN_FRAMEWORK_HEADER = YES;
				CLANG_WARN_RANGE_LOOP_ANALYSIS = YES;
				CLANG_WARN_STRICT_PROTOTYPES = YES;
				CLANG_WARN_SUSPICIOUS_MOVE = YES;
				CLANG_WARN_UNGUARDED_AVAILABILITY = YES_AGGRESSIVE;
				CLANG_WARN_UNREACHABLE_CODE = YES;
				CLANG_WARN__DUPLICATE_METHOD_MATCH = YES;
				COPY_PHASE_STRIP = NO;
				DEBUG_INFORMATION_FORMAT = dwarf;
				DEVELOPMENT_TEAM = 3UW6QGQDLG;
				ENABLE_STRICT_OBJC_MSGSEND = YES;
				ENABLE_TESTABILITY = YES;
				ENABLE_USER_SCRIPT_SANDBOXING = YES;
				GCC_C_LANGUAGE_STANDARD = gnu17;
				GCC_DYNAMIC_NO_PIC = NO;
				GCC_NO_COMMON_BLOCKS = YES;
				GCC_OPTIMIZATION_LEVEL = 0;
				GCC_PREPROCESSOR_DEFINITIONS = (
					"DEBUG=1",
					"$(inherited)",
				);
				GCC_WARN_64_TO_32_BIT_CONVERSION = YES;
				GCC_WARN_ABOUT_RETURN_TYPE = YES_ERROR;
				GCC_WARN_UNDECLARED_SELECTOR = YES;
				GCC_WARN_UNINITIALIZED_AUTOS = YES_AGGRESSIVE;
				GCC_WARN_UNUSED_FUNCTION = YES;
				GCC_WARN_UNUSED_VARIABLE = YES;
				IPHONEOS_DEPLOYMENT_TARGET = 26.0;
				LOCALIZATION_PREFERS_STRING_CATALOGS = YES;
				MTL_ENABLE_DEBUG_INFO = INCLUDE_SOURCE;
				MTL_FAST_MATH = YES;
				ONLY_ACTIVE_ARCH = YES;
				SDKROOT = iphoneos;
				SWIFT_ACTIVE_COMPILATION_CONDITIONS = "DEBUG $(inherited)";
				SWIFT_OPTIMIZATION_LEVEL = "-Onone";
			};
			name = Debug;
		};
		9F3188D52EB932ED00B42E4A /* Release */ = {
			isa = XCBuildConfiguration;
			buildSettings = {
				ALWAYS_SEARCH_USER_PATHS = NO;
				ASSETCATALOG_COMPILER_GENERATE_SWIFT_ASSET_SYMBOL_EXTENSIONS = YES;
				CLANG_ANALYZER_NONNULL = YES;
				CLANG_ANALYZER_NUMBER_OBJECT_CONVERSION = YES_AGGRESSIVE;
				CLANG_CXX_LANGUAGE_STANDARD = "gnu++20";
				CLANG_ENABLE_MODULES = YES;
				CLANG_ENABLE_OBJC_ARC = YES;
				CLANG_ENABLE_OBJC_WEAK = YES;
				CLANG_WARN_BLOCK_CAPTURE_AUTORELEASING = YES;
				CLANG_WARN_BOOL_CONVERSION = YES;
				CLANG_WARN_COMMA = YES;
				CLANG_WARN_CONSTANT_CONVERSION = YES;
				CLANG_WARN_DEPRECATED_OBJC_IMPLEMENTATIONS = YES;
				CLANG_WARN_DIRECT_OBJC_ISA_USAGE = YES_ERROR;
				CLANG_WARN_DOCUMENTATION_COMMENTS = YES;
				CLANG_WARN_EMPTY_BODY = YES;
				CLANG_WARN_ENUM_CONVERSION = YES;
				CLANG_WARN_INFINITE_RECURSION = YES;
				CLANG_WARN_INT_CONVERSION = YES;
				CLANG_WARN_NON_LITERAL_NULL_CONVERSION = YES;
				CLANG_WARN_OBJC_IMPLICIT_RETAIN_SELF = YES;
				CLANG_WARN_OBJC_LITERAL_CONVERSION = YES;
				CLANG_WARN_OBJC_ROOT_CLASS = YES_ERROR;
				CLANG_WARN_QUOTED_INCLUDE_IN_FRAMEWORK_HEADER = YES;
				CLANG_WARN_RANGE_LOOP_ANALYSIS = YES;
				CLANG_WARN_STRICT_PROTOTYPES = YES;
				CLANG_WARN_SUSPICIOUS_MOVE = YES;
				CLANG_WARN_UNGUARDED_AVAILABILITY = YES_AGGRESSIVE;
				CLANG_WARN_UNREACHABLE_CODE = YES;
				CLANG_WARN__DUPLICATE_METHOD_MATCH = YES;
				COPY_PHASE_STRIP = NO;
				DEBUG_INFORMATION_FORMAT = "dwarf-with-dsym";
				DEVELOPMENT_TEAM = 3UW6QGQDLG;
				ENABLE_NS_ASSERTIONS = NO;
				ENABLE_STRICT_OBJC_MSGSEND = YES;
				ENABLE_USER_SCRIPT_SANDBOXING = YES;
				GCC_C_LANGUAGE_STANDARD = gnu17;
				GCC_NO_COMMON_BLOCKS = YES;
				GCC_WARN_64_TO_32_BIT_CONVERSION = YES;
				GCC_WARN_ABOUT_RETURN_TYPE = YES_ERROR;
				GCC_WARN_UNDECLARED_SELECTOR = YES;
				GCC_WARN_UNINITIALIZED_AUTOS = YES_AGGRESSIVE;
				GCC_WARN_UNUSED_FUNCTION = YES;
				GCC_WARN_UNUSED_VARIABLE = YES;
				IPHONEOS_DEPLOYMENT_TARGET = 26.0;
				LOCALIZATION_PREFERS_STRING_CATALOGS = YES;
				MTL_ENABLE_DEBUG_INFO = NO;
				MTL_FAST_MATH = YES;
				SDKROOT = iphoneos;
				SWIFT_COMPILATION_MODE = wholemodule;
				VALIDATE_PRODUCT = YES;
			};
			name = Release;
		};
		9F3188D72EB932ED00B42E4A /* Debug */ = {
			isa = XCBuildConfiguration;
			buildSettings = {
				BUNDLE_LOADER = "$(TEST_HOST)";
				CODE_SIGN_STYLE = Automatic;
				CURRENT_PROJECT_VERSION = 1;
				DEVELOPMENT_TEAM = 3UW6QGQDLG;
				GENERATE_INFOPLIST_FILE = YES;
				IPHONEOS_DEPLOYMENT_TARGET = 26.0;
				MARKETING_VERSION = 1.0;
				PRODUCT_BUNDLE_IDENTIFIER = com.DraftKings.XcodeBundleAccessorsTests;
				PRODUCT_NAME = "$(TARGET_NAME)";
				STRING_CATALOG_GENERATE_SYMBOLS = NO;
				SWIFT_APPROACHABLE_CONCURRENCY = YES;
				SWIFT_EMIT_LOC_STRINGS = NO;
				SWIFT_UPCOMING_FEATURE_MEMBER_IMPORT_VISIBILITY = YES;
				SWIFT_VERSION = 5.0;
				TARGETED_DEVICE_FAMILY = "1,2";
				TEST_HOST = "$(BUILT_PRODUCTS_DIR)/XcodeBundleAccessors.app/$(BUNDLE_EXECUTABLE_FOLDER_PATH)/XcodeBundleAccessors";
			};
			name = Debug;
		};
		9F3188D82EB932ED00B42E4A /* Release */ = {
			isa = XCBuildConfiguration;
			buildSettings = {
				BUNDLE_LOADER = "$(TEST_HOST)";
				CODE_SIGN_STYLE = Automatic;
				CURRENT_PROJECT_VERSION = 1;
				DEVELOPMENT_TEAM = 3UW6QGQDLG;
				GENERATE_INFOPLIST_FILE = YES;
				IPHONEOS_DEPLOYMENT_TARGET = 26.0;
				MARKETING_VERSION = 1.0;
				PRODUCT_BUNDLE_IDENTIFIER = com.DraftKings.XcodeBundleAccessorsTests;
				PRODUCT_NAME = "$(TARGET_NAME)";
				STRING_CATALOG_GENERATE_SYMBOLS = NO;
				SWIFT_APPROACHABLE_CONCURRENCY = YES;
				SWIFT_EMIT_LOC_STRINGS = NO;
				SWIFT_UPCOMING_FEATURE_MEMBER_IMPORT_VISIBILITY = YES;
				SWIFT_VERSION = 5.0;
				TARGETED_DEVICE_FAMILY = "1,2";
				TEST_HOST = "$(BUILT_PRODUCTS_DIR)/XcodeBundleAccessors.app/$(BUNDLE_EXECUTABLE_FOLDER_PATH)/XcodeBundleAccessors";
			};
			name = Release;
		};
		9F3188DA2EB932ED00B42E4A /* Debug */ = {
			isa = XCBuildConfiguration;
			buildSettings = {
				CODE_SIGN_STYLE = Automatic;
				CURRENT_PROJECT_VERSION = 1;
				DEVELOPMENT_TEAM = 3UW6QGQDLG;
				GENERATE_INFOPLIST_FILE = YES;
				MARKETING_VERSION = 1.0;
				PRODUCT_BUNDLE_IDENTIFIER = com.DraftKings.XcodeBundleAccessorsUITests;
				PRODUCT_NAME = "$(TARGET_NAME)";
				STRING_CATALOG_GENERATE_SYMBOLS = NO;
				SWIFT_APPROACHABLE_CONCURRENCY = YES;
				SWIFT_EMIT_LOC_STRINGS = NO;
				SWIFT_UPCOMING_FEATURE_MEMBER_IMPORT_VISIBILITY = YES;
				SWIFT_VERSION = 5.0;
				TARGETED_DEVICE_FAMILY = "1,2";
				TEST_TARGET_NAME = XcodeBundleAccessors;
			};
			name = Debug;
		};
		9F3188DB2EB932ED00B42E4A /* Release */ = {
			isa = XCBuildConfiguration;
			buildSettings = {
				CODE_SIGN_STYLE = Automatic;
				CURRENT_PROJECT_VERSION = 1;
				DEVELOPMENT_TEAM = 3UW6QGQDLG;
				GENERATE_INFOPLIST_FILE = YES;
				MARKETING_VERSION = 1.0;
				PRODUCT_BUNDLE_IDENTIFIER = com.DraftKings.XcodeBundleAccessorsUITests;
				PRODUCT_NAME = "$(TARGET_NAME)";
				STRING_CATALOG_GENERATE_SYMBOLS = NO;
				SWIFT_APPROACHABLE_CONCURRENCY = YES;
				SWIFT_EMIT_LOC_STRINGS = NO;
				SWIFT_UPCOMING_FEATURE_MEMBER_IMPORT_VISIBILITY = YES;
				SWIFT_VERSION = 5.0;
				TARGETED_DEVICE_FAMILY = "1,2";
				TEST_TARGET_NAME = XcodeBundleAccessors;
			};
			name = Release;
		};
/* End XCBuildConfiguration section */

/* Begin XCConfigurationList section */
		9F3188A32EB932EB00B42E4A /* Build configuration list for PBXProject "XcodeBundleAccessors" */ = {
			isa = XCConfigurationList;
			buildConfigurations = (
				9F3188D42EB932ED00B42E4A /* Debug */,
				9F3188D52EB932ED00B42E4A /* Release */,
			);
			defaultConfigurationIsVisible = 0;
			defaultConfigurationName = Release;
		};
		9F3188D12EB932ED00B42E4A /* Build configuration list for PBXNativeTarget "XcodeBundleAccessors" */ = {
			isa = XCConfigurationList;
			buildConfigurations = (
				9F3188D22EB932ED00B42E4A /* Debug */,
				9F3188D32EB932ED00B42E4A /* Release */,
			);
			defaultConfigurationIsVisible = 0;
			defaultConfigurationName = Release;
		};
		9F3188D62EB932ED00B42E4A /* Build configuration list for PBXNativeTarget "XcodeBundleAccessorsTests" */ = {
			isa = XCConfigurationList;
			buildConfigurations = (
				9F3188D72EB932ED00B42E4A /* Debug */,
				9F3188D82EB932ED00B42E4A /* Release */,
			);
			defaultConfigurationIsVisible = 0;
			defaultConfigurationName = Release;
		};
		9F3188D92EB932ED00B42E4A /* Build configuration list for PBXNativeTarget "XcodeBundleAccessorsUITests" */ = {
			isa = XCConfigurationList;
			buildConfigurations = (
				9F3188DA2EB932ED00B42E4A /* Debug */,
				9F3188DB2EB932ED00B42E4A /* Release */,
			);
			defaultConfigurationIsVisible = 0;
			defaultConfigurationName = Release;
		};
/* End XCConfigurationList section */

/* Begin XCSwiftPackageProductDependency section */
		9F31891E2EB93D5C00B42E4A /* DesignSystem */ = {
			isa = XCSwiftPackageProductDependency;
			productName = DesignSystem;
		};
/* End XCSwiftPackageProductDependency section */
	};
	rootObject = 9F3188A02EB932EB00B42E4A /* Project object */;
}
